
Microsoft Visual Studio Solution File, Format Version 12.00
# Visual Studio Version 17
VisualStudioVersion = 17.8.34511.84
MinimumVisualStudioVersion = 10.0.40219.1
Project("{FAE04EC0-301F-11D3-BF4B-00C04F79EFBC}") = "Calculadora", "Calculadora.csproj", "{D0FFF2E2-C0B6-4458-A29A-DD7807C31B7F}"
EndProject
Project("{FAE04EC0-301F-11D3-BF4B-00C04F79EFBC}") = "Teste1", "..\Teste1\Teste1.csproj", "{96D7BB09-0B38-401A-B18A-9B815B87D793}"
EndProject
Global
	GlobalSection(SolutionConfigurationPlatforms) = preSolution
		Debug|Any CPU = Debug|Any CPU
		Release|Any CPU = Release|Any CPU
	EndGlobalSection
	GlobalSection(ProjectConfigurationPlatforms) = postSolution
		{D0FFF2E2-C0B6-4458-A29A-DD7807C31B7F}.Debug|Any CPU.ActiveCfg = Debug|Any CPU
		{D0FFF2E2-C0B6-4458-A29A-DD7807C31B7F}.Debug|Any CPU.Build.0 = Debug|Any CPU
		{D0FFF2E2-C0B6-4458-A29A-DD7807C31B7F}.Release|Any CPU.ActiveCfg = Release|Any CPU
		{D0FFF2E2-C0B6-4458-A29A-DD7807C31B7F}.Release|Any CPU.Build.0 = Release|Any CPU
		{96D7BB09-0B38-401A-B18A-9B815B87D793}.Debug|Any CPU.ActiveCfg = Debug|Any CPU
		{96D7BB09-0B38-401A-B18A-9B815B87D793}.Debug|Any CPU.Build.0 = Debug|Any CPU
		{96D7BB09-0B38-401A-B18A-9B815B87D793}.Release|Any CPU.ActiveCfg = Release|Any CPU
		{96D7BB09-0B38-401A-B18A-9B815B87D793}.Release|Any CPU.Build.0 = Release|Any CPU
	EndGlobalSection
	GlobalSection(SolutionProperties) = preSolution
		HideSolutionNode = FALSE
	EndGlobalSection
	GlobalSection(ExtensibilityGlobals) = postSolution
		SolutionGuid = {29D27513-BBBA-4638-9F15-D588A7FF6181}
	EndGlobalSection
EndGlobal
